// !$*UTF8*$!
{
	archiveVersion = 1;
	classes = {
	};
	objectVersion = 56;
	objects = {

/* Begin PBXBuildFile section */
		F350B4482BD134D600C0BA65 /* GithubSessionPrjoectApp.swift in Sources */ = {isa = PBXBuildFile; fileRef = F350B4472BD134D600C0BA65 /* GithubSessionPrjoectApp.swift */; };
		F350B44A2BD134D600C0BA65 /* ContentView.swift in Sources */ = {isa = PBXBuildFile; fileRef = F350B4492BD134D600C0BA65 /* ContentView.swift */; };
		F350B44C2BD134D700C0BA65 /* Assets.xcassets in Resources */ = {isa = PBXBuildFile; fileRef = F350B44B2BD134D700C0BA65 /* Assets.xcassets */; };
		F350B44F2BD134D700C0BA65 /* Preview Assets.xcassets in Resources */ = {isa = PBXBuildFile; fileRef = F350B44E2BD134D700C0BA65 /* Preview Assets.xcassets */; };
		F350B4592BD134D700C0BA65 /* GithubSessionPrjoectTests.swift in Sources */ = {isa = PBXBuildFile; fileRef = F350B4582BD134D700C0BA65 /* GithubSessionPrjoectTests.swift */; };
		F350B4632BD134D700C0BA65 /* GithubSessionPrjoectUITests.swift in Sources */ = {isa = PBXBuildFile; fileRef = F350B4622BD134D700C0BA65 /* GithubSessionPrjoectUITests.swift */; };
		F350B4652BD134D700C0BA65 /* GithubSessionPrjoectUITestsLaunchTests.swift in Sources */ = {isa = PBXBuildFile; fileRef = F350B4642BD134D700C0BA65 /* GithubSessionPrjoectUITestsLaunchTests.swift */; };
/* End PBXBuildFile section */

/* Begin PBXContainerItemProxy section */
		F350B4552BD134D700C0BA65 /* PBXContainerItemProxy */ = {
			isa = PBXContainerItemProxy;
			containerPortal = F350B43C2BD134D600C0BA65 /* Project object */;
			proxyType = 1;
			remoteGlobalIDString = F350B4432BD134D600C0BA65;
			remoteInfo = GithubSessionPrjoect;
		};
		F350B45F2BD134D700C0BA65 /* PBXContainerItemProxy */ = {
			isa = PBXContainerItemProxy;
			containerPortal = F350B43C2BD134D600C0BA65 /* Project object */;
			proxyType = 1;
			remoteGlobalIDString = F350B4432BD134D600C0BA65;
			remoteInfo = GithubSessionPrjoect;
		};
/* End PBXContainerItemProxy section */

/* Begin PBXFileReference section */
		F350B4442BD134D600C0BA65 /* GithubSessionPrjoect.app */ = {isa = PBXFileReference; explicitFileType = wrapper.application; includeInIndex = 0; path = GithubSessionPrjoect.app; sourceTree = BUILT_PRODUCTS_DIR; };
		F350B4472BD134D600C0BA65 /* GithubSessionPrjoectApp.swift */ = {isa = PBXFileReference; lastKnownFileType = sourcecode.swift; path = GithubSessionPrjoectApp.swift; sourceTree = "<group>"; };
		F350B4492BD134D600C0BA65 /* ContentView.swift */ = {isa = PBXFileReference; lastKnownFileType = sourcecode.swift; path = ContentView.swift; sourceTree = "<group>"; };
		F350B44B2BD134D700C0BA65 /* Assets.xcassets */ = {isa = PBXFileReference; lastKnownFileType = folder.assetcatalog; path = Assets.xcassets; sourceTree = "<group>"; };
		F350B44E2BD134D700C0BA65 /* Preview Assets.xcassets */ = {isa = PBXFileReference; lastKnownFileType = folder.assetcatalog; path = "Preview Assets.xcassets"; sourceTree = "<group>"; };
		F350B4542BD134D700C0BA65 /* GithubSessionPrjoectTests.xctest */ = {isa = PBXFileReference; explicitFileType = wrapper.cfbundle; includeInIndex = 0; path = GithubSessionPrjoectTests.xctest; sourceTree = BUILT_PRODUCTS_DIR; };
		F350B4582BD134D700C0BA65 /* GithubSessionPrjoectTests.swift */ = {isa = PBXFileReference; lastKnownFileType = sourcecode.swift; path = GithubSessionPrjoectTests.swift; sourceTree = "<group>"; };
		F350B45E2BD134D700C0BA65 /* GithubSessionPrjoectUITests.xctest */ = {isa = PBXFileReference; explicitFileType = wrapper.cfbundle; includeInIndex = 0; path = GithubSessionPrjoectUITests.xctest; sourceTree = BUILT_PRODUCTS_DIR; };
		F350B4622BD134D700C0BA65 /* GithubSessionPrjoectUITests.swift */ = {isa = PBXFileReference; lastKnownFileType = sourcecode.swift; path = GithubSessionPrjoectUITests.swift; sourceTree = "<group>"; };
		F350B4642BD134D700C0BA65 /* GithubSessionPrjoectUITestsLaunchTests.swift */ = {isa = PBXFileReference; lastKnownFileType = sourcecode.swift; path = GithubSessionPrjoectUITestsLaunchTests.swift; sourceTree = "<group>"; };
/* End PBXFileReference section */

/* Begin PBXFrameworksBuildPhase section */
		F350B4412BD134D600C0BA65 /* Frameworks */ = {
			isa = PBXFrameworksBuildPhase;
			buildActionMask = 2147483647;
			files = (
			);
			runOnlyForDeploymentPostprocessing = 0;
		};
		F350B4512BD134D700C0BA65 /* Frameworks */ = {
			isa = PBXFrameworksBuildPhase;
			buildActionMask = 2147483647;
			files = (
			);
			runOnlyForDeploymentPostprocessing = 0;
		};
		F350B45B2BD134D700C0BA65 /* Frameworks */ = {
			isa = PBXFrameworksBuildPhase;
			buildActionMask = 2147483647;
			files = (
			);
			runOnlyForDeploymentPostprocessing = 0;
		};
/* End PBXFrameworksBuildPhase section */

/* Begin PBXGroup section */
		F350B43B2BD134D600C0BA65 = {
			isa = PBXGroup;
			children = (
				F350B4462BD134D600C0BA65 /* GithubSessionPrjoect */,
				F350B4572BD134D700C0BA65 /* GithubSessionPrjoectTests */,
				F350B4612BD134D700C0BA65 /* GithubSessionPrjoectUITests */,
				F350B4452BD134D600C0BA65 /* Products */,
			);
			sourceTree = "<group>";
		};
		F350B4452BD134D600C0BA65 /* Products */ = {
			isa = PBXGroup;
			children = (
				F350B4442BD134D600C0BA65 /* GithubSessionPrjoect.app */,
				F350B4542BD134D700C0BA65 /* GithubSessionPrjoectTests.xctest */,
				F350B45E2BD134D700C0BA65 /* GithubSessionPrjoectUITests.xctest */,
			);
			name = Products;
			sourceTree = "<group>";
		};
		F350B4462BD134D600C0BA65 /* GithubSessionPrjoect */ = {
			isa = PBXGroup;
			children = (
				F350B4472BD134D600C0BA65 /* GithubSessionPrjoectApp.swift */,
				F350B4492BD134D600C0BA65 /* ContentView.swift */,
				F350B44B2BD134D700C0BA65 /* Assets.xcassets */,
				F350B44D2BD134D700C0BA65 /* Preview Content */,
			);
			path = GithubSessionPrjoect;
			sourceTree = "<group>";
		};
		F350B44D2BD134D700C0BA65 /* Preview Content */ = {
			isa = PBXGroup;
			children = (
				F350B44E2BD134D700C0BA65 /* Preview Assets.xcassets */,
			);
			path = "Preview Content";
			sourceTree = "<group>";
		};
		F350B4572BD134D700C0BA65 /* GithubSessionPrjoectTests */ = {
			isa = PBXGroup;
			children = (
				F350B4582BD134D700C0BA65 /* GithubSessionPrjoectTests.swift */,
			);
			path = GithubSessionPrjoectTests;
			sourceTree = "<group>";
		};
		F350B4612BD134D700C0BA65 /* GithubSessionPrjoectUITests */ = {
			isa = PBXGroup;
			children = (
				F350B4622BD134D700C0BA65 /* GithubSessionPrjoectUITests.swift */,
				F350B4642BD134D700C0BA65 /* GithubSessionPrjoectUITestsLaunchTests.swift */,
			);
			path = GithubSessionPrjoectUITests;
			sourceTree = "<group>";
		};
/* End PBXGroup section */

/* Begin PBXNativeTarget section */
		F350B4432BD134D600C0BA65 /* GithubSessionPrjoect */ = {
			isa = PBXNativeTarget;
			buildConfigurationList = F350B4682BD134D700C0BA65 /* Build configuration list for PBXNativeTarget "GithubSessionPrjoect" */;
			buildPhases = (
				F350B4402BD134D600C0BA65 /* Sources */,
				F350B4412BD134D600C0BA65 /* Frameworks */,
				F350B4422BD134D600C0BA65 /* Resources */,
			);
			buildRules = (
			);
			dependencies = (
			);
			name = GithubSessionPrjoect;
			productName = GithubSessionPrjoect;
			productReference = F350B4442BD134D600C0BA65 /* GithubSessionPrjoect.app */;
			productType = "com.apple.product-type.application";
		};
		F350B4532BD134D700C0BA65 /* GithubSessionPrjoectTests */ = {
			isa = PBXNativeTarget;
			buildConfigurationList = F350B46B2BD134D700C0BA65 /* Build configuration list for PBXNativeTarget "GithubSessionPrjoectTests" */;
			buildPhases = (
				F350B4502BD134D700C0BA65 /* Sources */,
				F350B4512BD134D700C0BA65 /* Frameworks */,
				F350B4522BD134D700C0BA65 /* Resources */,
			);
			buildRules = (
			);
			dependencies = (
				F350B4562BD134D700C0BA65 /* PBXTargetDependency */,
			);
			name = GithubSessionPrjoectTests;
			productName = GithubSessionPrjoectTests;
			productReference = F350B4542BD134D700C0BA65 /* GithubSessionPrjoectTests.xctest */;
			productType = "com.apple.product-type.bundle.unit-test";
		};
		F350B45D2BD134D700C0BA65 /* GithubSessionPrjoectUITests */ = {
			isa = PBXNativeTarget;
			buildConfigurationList = F350B46E2BD134D700C0BA65 /* Build configuration list for PBXNativeTarget "GithubSessionPrjoectUITests" */;
			buildPhases = (
				F350B45A2BD134D700C0BA65 /* Sources */,
				F350B45B2BD134D700C0BA65 /* Frameworks */,
				F350B45C2BD134D700C0BA65 /* Resources */,
			);
			buildRules = (
			);
			dependencies = (
				F350B4602BD134D700C0BA65 /* PBXTargetDependency */,
			);
			name = GithubSessionPrjoectUITests;
			productName = GithubSessionPrjoectUITests;
			productReference = F350B45E2BD134D700C0BA65 /* GithubSessionPrjoectUITests.xctest */;
			productType = "com.apple.product-type.bundle.ui-testing";
		};
/* End PBXNativeTarget section */

/* Begin PBXProject section */
		F350B43C2BD134D600C0BA65 /* Project object */ = {
			isa = PBXProject;
			attributes = {
				BuildIndependentTargetsInParallel = 1;
				LastSwiftUpdateCheck = 1520;
				LastUpgradeCheck = 1520;
				TargetAttributes = {
					F350B4432BD134D600C0BA65 = {
						CreatedOnToolsVersion = 15.2;
					};
					F350B4532BD134D700C0BA65 = {
						CreatedOnToolsVersion = 15.2;
						TestTargetID = F350B4432BD134D600C0BA65;
					};
					F350B45D2BD134D700C0BA65 = {
						CreatedOnToolsVersion = 15.2;
						TestTargetID = F350B4432BD134D600C0BA65;
					};
				};
			};
			buildConfigurationList = F350B43F2BD134D600C0BA65 /* Build configuration list for PBXProject "GithubSessionPrjoect" */;
			compatibilityVersion = "Xcode 14.0";
			developmentRegion = en;
			hasScannedForEncodings = 0;
			knownRegions = (
				en,
				Base,
			);
			mainGroup = F350B43B2BD134D600C0BA65;
			productRefGroup = F350B4452BD134D600C0BA65 /* Products */;
			projectDirPath = "";
			projectRoot = "";
			targets = (
				F350B4432BD134D600C0BA65 /* GithubSessionPrjoect */,
				F350B4532BD134D700C0BA65 /* GithubSessionPrjoectTests */,
				F350B45D2BD134D700C0BA65 /* GithubSessionPrjoectUITests */,
			);
		};
/* End PBXProject section */

/* Begin PBXResourcesBuildPhase section */
		F350B4422BD134D600C0BA65 /* Resources */ = {
			isa = PBXResourcesBuildPhase;
			buildActionMask = 2147483647;
			files = (
				F350B44F2BD134D700C0BA65 /* Preview Assets.xcassets in Resources */,
				F350B44C2BD134D700C0BA65 /* Assets.xcassets in Resources */,
			);
			runOnlyForDeploymentPostprocessing = 0;
		};
		F350B4522BD134D700C0BA65 /* Resources */ = {
			isa = PBXResourcesBuildPhase;
			buildActionMask = 2147483647;
			files = (
			);
			runOnlyForDeploymentPostprocessing = 0;
		};
		F350B45C2BD134D700C0BA65 /* Resources */ = {
			isa = PBXResourcesBuildPhase;
			buildActionMask = 2147483647;
			files = (
			);
			runOnlyForDeploymentPostprocessing = 0;
		};
/* End PBXResourcesBuildPhase section */

/* Begin PBXSourcesBuildPhase section */
		F350B4402BD134D600C0BA65 /* Sources */ = {
			isa = PBXSourcesBuildPhase;
			buildActionMask = 2147483647;
			files = (
				F350B44A2BD134D600C0BA65 /* ContentView.swift in Sources */,
				F350B4482BD134D600C0BA65 /* GithubSessionPrjoectApp.swift in Sources */,
			);
			runOnlyForDeploymentPostprocessing = 0;
		};
		F350B4502BD134D700C0BA65 /* Sources */ = {
			isa = PBXSourcesBuildPhase;
			buildActionMask = 2147483647;
			files = (
				F350B4592BD134D700C0BA65 /* GithubSessionPrjoectTests.swift in Sources */,
			);
			runOnlyForDeploymentPostprocessing = 0;
		};
		F350B45A2BD134D700C0BA65 /* Sources */ = {
			isa = PBXSourcesBuildPhase;
			buildActionMask = 2147483647;
			files = (
				F350B4652BD134D700C0BA65 /* GithubSessionPrjoectUITestsLaunchTests.swift in Sources */,
				F350B4632BD134D700C0BA65 /* GithubSessionPrjoectUITests.swift in Sources */,
			);
			runOnlyForDeploymentPostprocessing = 0;
		};
/* End PBXSourcesBuildPhase section */

/* Begin PBXTargetDependency section */
		F350B4562BD134D700C0BA65 /* PBXTargetDependency */ = {
			isa = PBXTargetDependency;
			target = F350B4432BD134D600C0BA65 /* GithubSessionPrjoect */;
			targetProxy = F350B4552BD134D700C0BA65 /* PBXContainerItemProxy */;
		};
		F350B4602BD134D700C0BA65 /* PBXTargetDependency */ = {
			isa = PBXTargetDependency;
			target = F350B4432BD134D600C0BA65 /* GithubSessionPrjoect */;
			targetProxy = F350B45F2BD134D700C0BA65 /* PBXContainerItemProxy */;
		};
/* End PBXTargetDependency section */

/* Begin XCBuildConfiguration section */
		F350B4662BD134D700C0BA65 /* Debug */ = {
			isa = XCBuildConfiguration;
			buildSettings = {
				ALWAYS_SEARCH_USER_PATHS = NO;
				ASSETCATALOG_COMPILER_GENERATE_SWIFT_ASSET_SYMBOL_EXTENSIONS = YES;
				CLANG_ANALYZER_NONNULL = YES;
				CLANG_ANALYZER_NUMBER_OBJECT_CONVERSION = YES_AGGRESSIVE;
				CLANG_CXX_LANGUAGE_STANDARD = "gnu++20";
				CLANG_ENABLE_MODULES = YES;
				CLANG_ENABLE_OBJC_ARC = YES;
				CLANG_ENABLE_OBJC_WEAK = YES;
				CLANG_WARN_BLOCK_CAPTURE_AUTORELEASING = YES;
				CLANG_WARN_BOOL_CONVERSION = YES;
				CLANG_WARN_COMMA = YES;
				CLANG_WARN_CONSTANT_CONVERSION = YES;
				CLANG_WARN_DEPRECATED_OBJC_IMPLEMENTATIONS = YES;
				CLANG_WARN_DIRECT_OBJC_ISA_USAGE = YES_ERROR;
				CLANG_WARN_DOCUMENTATION_COMMENTS = YES;
				CLANG_WARN_EMPTY_BODY = YES;
				CLANG_WARN_ENUM_CONVERSION = YES;
				CLANG_WARN_INFINITE_RECURSION = YES;
				CLANG_WARN_INT_CONVERSION = YES;
				CLANG_WARN_NON_LITERAL_NULL_CONVERSION = YES;
				CLANG_WARN_OBJC_IMPLICIT_RETAIN_SELF = YES;
				CLANG_WARN_OBJC_LITERAL_CONVERSION = YES;
				CLANG_WARN_OBJC_ROOT_CLASS = YES_ERROR;
				CLANG_WARN_QUOTED_INCLUDE_IN_FRAMEWORK_HEADER = YES;
				CLANG_WARN_RANGE_LOOP_ANALYSIS = YES;
				CLANG_WARN_STRICT_PROTOTYPES = YES;
				CLANG_WARN_SUSPICIOUS_MOVE = YES;
				CLANG_WARN_UNGUARDED_AVAILABILITY = YES_AGGRESSIVE;
				CLANG_WARN_UNREACHABLE_CODE = YES;
				CLANG_WARN__DUPLICATE_METHOD_MATCH = YES;
				COPY_PHASE_STRIP = NO;
				DEBUG_INFORMATION_FORMAT = dwarf;
				ENABLE_STRICT_OBJC_MSGSEND = YES;
				ENABLE_TESTABILITY = YES;
				ENABLE_USER_SCRIPT_SANDBOXING = YES;
				GCC_C_LANGUAGE_STANDARD = gnu17;
				GCC_DYNAMIC_NO_PIC = NO;
				GCC_NO_COMMON_BLOCKS = YES;
				GCC_OPTIMIZATION_LEVEL = 0;
				GCC_PREPROCESSOR_DEFINITIONS = (
					"DEBUG=1",
					"$(inherited)",
				);
				GCC_WARN_64_TO_32_BIT_CONVERSION = YES;
				GCC_WARN_ABOUT_RETURN_TYPE = YES_ERROR;
				GCC_WARN_UNDECLARED_SELECTOR = YES;
				GCC_WARN_UNINITIALIZED_AUTOS = YES_AGGRESSIVE;
				GCC_WARN_UNUSED_FUNCTION = YES;
				GCC_WARN_UNUSED_VARIABLE = YES;
				IPHONEOS_DEPLOYMENT_TARGET = 17.2;
				LOCALIZATION_PREFERS_STRING_CATALOGS = YES;
				MTL_ENABLE_DEBUG_INFO = INCLUDE_SOURCE;
				MTL_FAST_MATH = YES;
				ONLY_ACTIVE_ARCH = YES;
				SDKROOT = iphoneos;
				SWIFT_ACTIVE_COMPILATION_CONDITIONS = "DEBUG $(inherited)";
				SWIFT_OPTIMIZATION_LEVEL = "-Onone";
			};
			name = Debug;
		};
		F350B4672BD134D700C0BA65 /* Release */ = {
			isa = XCBuildConfiguration;
			buildSettings = {
				ALWAYS_SEARCH_USER_PATHS = NO;
				ASSETCATALOG_COMPILER_GENERATE_SWIFT_ASSET_SYMBOL_EXTENSIONS = YES;
				CLANG_ANALYZER_NONNULL = YES;
				CLANG_ANALYZER_NUMBER_OBJECT_CONVERSION = YES_AGGRESSIVE;
				CLANG_CXX_LANGUAGE_STANDARD = "gnu++20";
				CLANG_ENABLE_MODULES = YES;
				CLANG_ENABLE_OBJC_ARC = YES;
				CLANG_ENABLE_OBJC_WEAK = YES;
				CLANG_WARN_BLOCK_CAPTURE_AUTORELEASING = YES;
				CLANG_WARN_BOOL_CONVERSION = YES;
				CLANG_WARN_COMMA = YES;
				CLANG_WARN_CONSTANT_CONVERSION = YES;
				CLANG_WARN_DEPRECATED_OBJC_IMPLEMENTATIONS = YES;
				CLANG_WARN_DIRECT_OBJC_ISA_USAGE = YES_ERROR;
				CLANG_WARN_DOCUMENTATION_COMMENTS = YES;
				CLANG_WARN_EMPTY_BODY = YES;
				CLANG_WARN_ENUM_CONVERSION = YES;
				CLANG_WARN_INFINITE_RECURSION = YES;
				CLANG_WARN_INT_CONVERSION = YES;
				CLANG_WARN_NON_LITERAL_NULL_CONVERSION = YES;
				CLANG_WARN_OBJC_IMPLICIT_RETAIN_SELF = YES;
				CLANG_WARN_OBJC_LITERAL_CONVERSION = YES;
				CLANG_WARN_OBJC_ROOT_CLASS = YES_ERROR;
				CLANG_WARN_QUOTED_INCLUDE_IN_FRAMEWORK_HEADER = YES;
				CLANG_WARN_RANGE_LOOP_ANALYSIS = YES;
				CLANG_WARN_STRICT_PROTOTYPES = YES;
				CLANG_WARN_SUSPICIOUS_MOVE = YES;
				CLANG_WARN_UNGUARDED_AVAILABILITY = YES_AGGRESSIVE;
				CLANG_WARN_UNREACHABLE_CODE = YES;
				CLANG_WARN__DUPLICATE_METHOD_MATCH = YES;
				COPY_PHASE_STRIP = NO;
				DEBUG_INFORMATION_FORMAT = "dwarf-with-dsym";
				ENABLE_NS_ASSERTIONS = NO;
				ENABLE_STRICT_OBJC_MSGSEND = YES;
				ENABLE_USER_SCRIPT_SANDBOXING = YES;
				GCC_C_LANGUAGE_STANDARD = gnu17;
				GCC_NO_COMMON_BLOCKS = YES;
				GCC_WARN_64_TO_32_BIT_CONVERSION = YES;
				GCC_WARN_ABOUT_RETURN_TYPE = YES_ERROR;
				GCC_WARN_UNDECLARED_SELECTOR = YES;
				GCC_WARN_UNINITIALIZED_AUTOS = YES_AGGRESSIVE;
				GCC_WARN_UNUSED_FUNCTION = YES;
				GCC_WARN_UNUSED_VARIABLE = YES;
				IPHONEOS_DEPLOYMENT_TARGET = 17.2;
				LOCALIZATION_PREFERS_STRING_CATALOGS = YES;
				MTL_ENABLE_DEBUG_INFO = NO;
				MTL_FAST_MATH = YES;
				SDKROOT = iphoneos;
				SWIFT_COMPILATION_MODE = wholemodule;
				VALIDATE_PRODUCT = YES;
			};
			name = Release;
		};
		F350B4692BD134D700C0BA65 /* Debug */ = {
			isa = XCBuildConfiguration;
			buildSettings = {
				ASSETCATALOG_COMPILER_APPICON_NAME = AppIcon;
				ASSETCATALOG_COMPILER_GLOBAL_ACCENT_COLOR_NAME = AccentColor;
				CODE_SIGN_STYLE = Automatic;
				CURRENT_PROJECT_VERSION = 1;
				DEVELOPMENT_ASSET_PATHS = "\"GithubSessionPrjoect/Preview Content\"";
				DEVELOPMENT_TEAM = U5F437QJA7;
				ENABLE_PREVIEWS = YES;
				GENERATE_INFOPLIST_FILE = YES;
				INFOPLIST_KEY_UIApplicationSceneManifest_Generation = YES;
				INFOPLIST_KEY_UIApplicationSupportsIndirectInputEvents = YES;
				INFOPLIST_KEY_UILaunchScreen_Generation = YES;
				INFOPLIST_KEY_UISupportedInterfaceOrientations_iPad = "UIInterfaceOrientationPortrait UIInterfaceOrientationPortraitUpsideDown UIInterfaceOrientationLandscapeLeft UIInterfaceOrientationLandscapeRight";
				INFOPLIST_KEY_UISupportedInterfaceOrientations_iPhone = "UIInterfaceOrientationPortrait UIInterfaceOrientationLandscapeLeft UIInterfaceOrientationLandscapeRight";
				LD_RUNPATH_SEARCH_PATHS = (
					"$(inherited)",
					"@executable_path/Frameworks",
				);
				MARKETING_VERSION = 1.0;
				PRODUCT_BUNDLE_IDENTIFIER = com.kyxxgsoo.GithubSessionPrjoect;
				PRODUCT_NAME = "$(TARGET_NAME)";
				SWIFT_EMIT_LOC_STRINGS = YES;
				SWIFT_VERSION = 5.0;
				TARGETED_DEVICE_FAMILY = "1,2";
			};
			name = Debug;
		};
		F350B46A2BD134D700C0BA65 /* Release */ = {
			isa = XCBuildConfiguration;
			buildSettings = {
				ASSETCATALOG_COMPILER_APPICON_NAME = AppIcon;
				ASSETCATALOG_COMPILER_GLOBAL_ACCENT_COLOR_NAME = AccentColor;
				CODE_SIGN_STYLE = Automatic;
				CURRENT_PROJECT_VERSION = 1;
				DEVELOPMENT_ASSET_PATHS = "\"GithubSessionPrjoect/Preview Content\"";
				DEVELOPMENT_TEAM = U5F437QJA7;
				ENABLE_PREVIEWS = YES;
				GENERATE_INFOPLIST_FILE = YES;
				INFOPLIST_KEY_UIApplicationSceneManifest_Generation = YES;
				INFOPLIST_KEY_UIApplicationSupportsIndirectInputEvents = YES;
				INFOPLIST_KEY_UILaunchScreen_Generation = YES;
				INFOPLIST_KEY_UISupportedInterfaceOrientations_iPad = "UIInterfaceOrientationPortrait UIInterfaceOrientationPortraitUpsideDown UIInterfaceOrientationLandscapeLeft UIInterfaceOrientationLandscapeRight";
				INFOPLIST_KEY_UISupportedInterfaceOrientations_iPhone = "UIInterfaceOrientationPortrait UIInterfaceOrientationLandscapeLeft UIInterfaceOrientationLandscapeRight";
				LD_RUNPATH_SEARCH_PATHS = (
					"$(inherited)",
					"@executable_path/Frameworks",
				);
				MARKETING_VERSION = 1.0;
				PRODUCT_BUNDLE_IDENTIFIER = com.kyxxgsoo.GithubSessionPrjoect;
				PRODUCT_NAME = "$(TARGET_NAME)";
				SWIFT_EMIT_LOC_STRINGS = YES;
				SWIFT_VERSION = 5.0;
				TARGETED_DEVICE_FAMILY = "1,2";
			};
			name = Release;
		};
		F350B46C2BD134D700C0BA65 /* Debug */ = {
			isa = XCBuildConfiguration;
			buildSettings = {
				ALWAYS_EMBED_SWIFT_STANDARD_LIBRARIES = YES;
				BUNDLE_LOADER = "$(TEST_HOST)";
				CODE_SIGN_STYLE = Automatic;
				CURRENT_PROJECT_VERSION = 1;
				DEVELOPMENT_TEAM = U5F437QJA7;
				GENERATE_INFOPLIST_FILE = YES;
				IPHONEOS_DEPLOYMENT_TARGET = 17.2;
				MARKETING_VERSION = 1.0;
				PRODUCT_BUNDLE_IDENTIFIER = com.kyxxgsoo.GithubSessionPrjoectTests;
				PRODUCT_NAME = "$(TARGET_NAME)";
				SWIFT_EMIT_LOC_STRINGS = NO;
				SWIFT_VERSION = 5.0;
				TARGETED_DEVICE_FAMILY = "1,2";
				TEST_HOST = "$(BUILT_PRODUCTS_DIR)/GithubSessionPrjoect.app/$(BUNDLE_EXECUTABLE_FOLDER_PATH)/GithubSessionPrjoect";
			};
			name = Debug;
		};
		F350B46D2BD134D700C0BA65 /* Release */ = {
			isa = XCBuildConfiguration;
			buildSettings = {
				ALWAYS_EMBED_SWIFT_STANDARD_LIBRARIES = YES;
				BUNDLE_LOADER = "$(TEST_HOST)";
				CODE_SIGN_STYLE = Automatic;
				CURRENT_PROJECT_VERSION = 1;
				DEVELOPMENT_TEAM = U5F437QJA7;
				GENERATE_INFOPLIST_FILE = YES;
				IPHONEOS_DEPLOYMENT_TARGET = 17.2;
				MARKETING_VERSION = 1.0;
				PRODUCT_BUNDLE_IDENTIFIER = com.kyxxgsoo.GithubSessionPrjoectTests;
				PRODUCT_NAME = "$(TARGET_NAME)";
				SWIFT_EMIT_LOC_STRINGS = NO;
				SWIFT_VERSION = 5.0;
				TARGETED_DEVICE_FAMILY = "1,2";
				TEST_HOST = "$(BUILT_PRODUCTS_DIR)/GithubSessionPrjoect.app/$(BUNDLE_EXECUTABLE_FOLDER_PATH)/GithubSessionPrjoect";
			};
			name = Release;
		};
		F350B46F2BD134D700C0BA65 /* Debug */ = {
			isa = XCBuildConfiguration;
			buildSettings = {
				ALWAYS_EMBED_SWIFT_STANDARD_LIBRARIES = YES;
				CODE_SIGN_STYLE = Automatic;
				CURRENT_PROJECT_VERSION = 1;
				DEVELOPMENT_TEAM = U5F437QJA7;
				GENERATE_INFOPLIST_FILE = YES;
				MARKETING_VERSION = 1.0;
				PRODUCT_BUNDLE_IDENTIFIER = com.kyxxgsoo.GithubSessionPrjoectUITests;
				PRODUCT_NAME = "$(TARGET_NAME)";
				SWIFT_EMIT_LOC_STRINGS = NO;
				SWIFT_VERSION = 5.0;
				TARGETED_DEVICE_FAMILY = "1,2";
				TEST_TARGET_NAME = GithubSessionPrjoect;
			};
			name = Debug;
		};
		F350B4702BD134D700C0BA65 /* Release */ = {
			isa = XCBuildConfiguration;
			buildSettings = {
				ALWAYS_EMBED_SWIFT_STANDARD_LIBRARIES = YES;
				CODE_SIGN_STYLE = Automatic;
				CURRENT_PROJECT_VERSION = 1;
				DEVELOPMENT_TEAM = U5F437QJA7;
				GENERATE_INFOPLIST_FILE = YES;
				MARKETING_VERSION = 1.0;
				PRODUCT_BUNDLE_IDENTIFIER = com.kyxxgsoo.GithubSessionPrjoectUITests;
				PRODUCT_NAME = "$(TARGET_NAME)";
				SWIFT_EMIT_LOC_STRINGS = NO;
				SWIFT_VERSION = 5.0;
				TARGETED_DEVICE_FAMILY = "1,2";
				TEST_TARGET_NAME = GithubSessionPrjoect;
			};
			name = Release;
		};
/* End XCBuildConfiguration section */

/* Begin XCConfigurationList section */
		F350B43F2BD134D600C0BA65 /* Build configuration list for PBXProject "GithubSessionPrjoect" */ = {
			isa = XCConfigurationList;
			buildConfigurations = (
				F350B4662BD134D700C0BA65 /* Debug */,
				F350B4672BD134D700C0BA65 /* Release */,
			);
			defaultConfigurationIsVisible = 0;
			defaultConfigurationName = Release;
		};
		F350B4682BD134D700C0BA65 /* Build configuration list for PBXNativeTarget "GithubSessionPrjoect" */ = {
			isa = XCConfigurationList;
			buildConfigurations = (
				F350B4692BD134D700C0BA65 /* Debug */,
				F350B46A2BD134D700C0BA65 /* Release */,
			);
			defaultConfigurationIsVisible = 0;
			defaultConfigurationName = Release;
		};
		F350B46B2BD134D700C0BA65 /* Build configuration list for PBXNativeTarget "GithubSessionPrjoectTests" */ = {
			isa = XCConfigurationList;
			buildConfigurations = (
				F350B46C2BD134D700C0BA65 /* Debug */,
				F350B46D2BD134D700C0BA65 /* Release */,
			);
			defaultConfigurationIsVisible = 0;
			defaultConfigurationName = Release;
		};
		F350B46E2BD134D700C0BA65 /* Build configuration list for PBXNativeTarget "GithubSessionPrjoectUITests" */ = {
			isa = XCConfigurationList;
			buildConfigurations = (
				F350B46F2BD134D700C0BA65 /* Debug */,
				F350B4702BD134D700C0BA65 /* Release */,
			);
			defaultConfigurationIsVisible = 0;
			defaultConfigurationName = Release;
		};
/* End XCConfigurationList section */
	};
	rootObject = F350B43C2BD134D600C0BA65 /* Project object */;
}
